{
  "name": "create-template-monorepo",
  "version": "1.0.0",
  "lockfileVersion": 2,
  "requires": true,
  "packages": {
    "": {
      "name": "create-template-monorepo",
      "version": "1.0.0",
      "license": "MIT",
      "dependencies": {
        "cta-template": "^2.0.2"
      }
    },
    "node_modules/.pnpm/@types+prettier@2.7.2/node_modules/@types/prettier": {
      "version": "2.7.2",
      "extraneous": true,
      "license": "MIT"
    },
    "node_modules/.pnpm/conventional-changelog-eslint@3.0.9": {
      "extraneous": true
    },
    "node_modules/.pnpm/q@1.5.1/node_modules/q": {
      "version": "1.5.1",
      "extraneous": true,
      "license": "MIT",
      "devDependencies": {
        "cover": "*",
        "grunt": "~0.4.1",
        "grunt-cli": "~0.1.9",
        "grunt-contrib-uglify": "~0.9.1",
        "jasmine-node": "1.11.0",
        "jshint": "~2.1.9",
        "matcha": "~0.2.0",
        "opener": "*",
        "promises-aplus-tests": "1.x"
      },
      "engines": {
        "node": ">=0.6.0",
        "teleport": ">=0.2.0"
      }
    },
    "node_modules/cta-template": {
      "version": "2.0.2",
      "resolved": "https://registry.npmjs.org/cta-template/-/cta-template-2.0.2.tgz",
      "integrity": "sha512-Q4tZFFBtiql8HhKt/ShvdHvRR+t/k7wl8N8uyw5a5i2q7JnW0FSeZ+nk4J/J8+GsHyrSHOdul2TUAAVlocj9RA=="
    }
  },
  "dependencies": {
    "cta-template": {
      "version": "2.0.2",
      "resolved": "https://registry.npmjs.org/cta-template/-/cta-template-2.0.2.tgz",
      "integrity": "sha512-Q4tZFFBtiql8HhKt/ShvdHvRR+t/k7wl8N8uyw5a5i2q7JnW0FSeZ+nk4J/J8+GsHyrSHOdul2TUAAVlocj9RA=="
    }
  }
}
