# THIS IS AN AUTOGENERATED FILE. DO NOT EDIT THIS FILE DIRECTLY.
# yarn lockfile v1


cta-template@latest:
  version "2.0.0"
  resolved "https://registry.yarnpkg.com/cta-template/-/cta-template-2.0.0.tgz#6720b59d2dbed838c90bfa222ec6f7326a603ae8"
  integrity sha512-iUItddUlQiRhy5hDsPVv8BX1kIVXjR6LEdFX658JPo1PBe/N7JKNBJ05vzpRrkPulj/92f02IOWTJrCXrWXqhA==
